
Microsoft Visual Studio Solution File, Format Version 12.00
# Visual Studio 15
VisualStudioVersion = 15.0.27428.2037
MinimumVisualStudioVersion = 10.0.40219.1
Project("{FAE04EC0-301F-11D3-BF4B-00C04F79EFBC}") = "ProjetoModulo6Calculadora", "ProjetoModulo6Calculadora\ProjetoModulo6Calculadora.csproj", "{64DDA65E-BECE-4563-BD28-6D5183064CDB}"
EndProject
Global
	GlobalSection(SolutionConfigurationPlatforms) = preSolution
		Debug|Any CPU = Debug|Any CPU
		Release|Any CPU = Release|Any CPU
	EndGlobalSection
	GlobalSection(ProjectConfigurationPlatforms) = postSolution
		{64DDA65E-BECE-4563-BD28-6D5183064CDB}.Debug|Any CPU.ActiveCfg = Debug|Any CPU
		{64DDA65E-BECE-4563-BD28-6D5183064CDB}.Debug|Any CPU.Build.0 = Debug|Any CPU
		{64DDA65E-BECE-4563-BD28-6D5183064CDB}.Release|Any CPU.ActiveCfg = Release|Any CPU
		{64DDA65E-BECE-4563-BD28-6D5183064CDB}.Release|Any CPU.Build.0 = Release|Any CPU
	EndGlobalSection
	GlobalSection(SolutionProperties) = preSolution
		HideSolutionNode = FALSE
	EndGlobalSection
	GlobalSection(ExtensibilityGlobals) = postSolution
		SolutionGuid = {C1ACDFEB-DAB9-4E59-9EF6-F01DCF15764B}
	EndGlobalSection
EndGlobal
